// !$*UTF8*$!
{
	archiveVersion = 1;
	classes = {
	};
	objectVersion = 46;
	objects = {

/* Begin PBXBuildFile section */
		AE6FC0A31DE46EED00F85925 /* AppDelegate.swift in Sources */ = {isa = PBXBuildFile; fileRef = AE6FC0A21DE46EED00F85925 /* AppDelegate.swift */; };
		AE6FC0A51DE46EED00F85925 /* ViewController.swift in Sources */ = {isa = PBXBuildFile; fileRef = AE6FC0A41DE46EED00F85925 /* ViewController.swift */; };
		AE6FC0A81DE46EED00F85925 /* Main.storyboard in Resources */ = {isa = PBXBuildFile; fileRef = AE6FC0A61DE46EED00F85925 /* Main.storyboard */; };
		AE6FC0AA1DE46EED00F85925 /* Assets.xcassets in Resources */ = {isa = PBXBuildFile; fileRef = AE6FC0A91DE46EED00F85925 /* Assets.xcassets */; };
		AE6FC0AD1DE46EED00F85925 /* LaunchScreen.storyboard in Resources */ = {isa = PBXBuildFile; fileRef = AE6FC0AB1DE46EED00F85925 /* LaunchScreen.storyboard */; };
/* End PBXBuildFile section */

/* Begin PBXFileReference section */
		AE6FC09F1DE46EED00F85925 /* TestCycleButton.app */ = {isa = PBXFileReference; explicitFileType = wrapper.application; includeInIndex = 0; path = TestCycleButton.app; sourceTree = BUILT_PRODUCTS_DIR; };
		AE6FC0A21DE46EED00F85925 /* AppDelegate.swift */ = {isa = PBXFileReference; lastKnownFileType = sourcecode.swift; path = AppDelegate.swift; sourceTree = "<group>"; };
		AE6FC0A41DE46EED00F85925 /* ViewController.swift */ = {isa = PBXFileReference; lastKnownFileType = sourcecode.swift; path = ViewController.swift; sourceTree = "<group>"; };
		AE6FC0A71DE46EED00F85925 /* Base */ = {isa = PBXFileReference; lastKnownFileType = file.storyboard; name = Base; path = Base.lproj/Main.storyboard; sourceTree = "<group>"; };
		AE6FC0A91DE46EED00F85925 /* Assets.xcassets */ = {isa = PBXFileReference; lastKnownFileType = folder.assetcatalog; path = Assets.xcassets; sourceTree = "<group>"; };
		AE6FC0AC1DE46EED00F85925 /* Base */ = {isa = PBXFileReference; lastKnownFileType = file.storyboard; name = Base; path = Base.lproj/LaunchScreen.storyboard; sourceTree = "<group>"; };
		AE6FC0AE1DE46EED00F85925 /* Info.plist */ = {isa = PBXFileReference; lastKnownFileType = text.plist.xml; path = Info.plist; sourceTree = "<group>"; };
/* End PBXFileReference section */

/* Begin PBXFrameworksBuildPhase section */
		AE6FC09C1DE46EED00F85925 /* Frameworks */ = {
			isa = PBXFrameworksBuildPhase;
			buildActionMask = 2147483647;
			files = (
			);
			runOnlyForDeploymentPostprocessing = 0;
		};
/* End PBXFrameworksBuildPhase section */

/* Begin PBXGroup section */
		AE6FC0961DE46EED00F85925 = {
			isa = PBXGroup;
			children = (
				AE6FC0A11DE46EED00F85925 /* TestCycleButton */,
				AE6FC0A01DE46EED00F85925 /* Products */,
			);
			sourceTree = "<group>";
		};
		AE6FC0A01DE46EED00F85925 /* Products */ = {
			isa = PBXGroup;
			children = (
				AE6FC09F1DE46EED00F85925 /* TestCycleButton.app */,
			);
			name = Products;
			sourceTree = "<group>";
		};
		AE6FC0A11DE46EED00F85925 /* TestCycleButton */ = {
			isa = PBXGroup;
			children = (
				AE6FC0A21DE46EED00F85925 /* AppDelegate.swift */,
				AE6FC0A41DE46EED00F85925 /* ViewController.swift */,
				AE6FC0A61DE46EED00F85925 /* Main.storyboard */,
				AE6FC0A91DE46EED00F85925 /* Assets.xcassets */,
				AE6FC0AB1DE46EED00F85925 /* LaunchScreen.storyboard */,
				AE6FC0AE1DE46EED00F85925 /* Info.plist */,
			);
			path = TestCycleButton;
			sourceTree = "<group>";
		};
/* End PBXGroup section */

/* Begin PBXNativeTarget section */
		AE6FC09E1DE46EED00F85925 /* TestCycleButton */ = {
			isa = PBXNativeTarget;
			buildConfigurationList = AE6FC0B11DE46EED00F85925 /* Build configuration list for PBXNativeTarget "TestCycleButton" */;
			buildPhases = (
				AE6FC09B1DE46EED00F85925 /* Sources */,
				AE6FC09C1DE46EED00F85925 /* Frameworks */,
				AE6FC09D1DE46EED00F85925 /* Resources */,
			);
			buildRules = (
			);
			dependencies = (
			);
			name = TestCycleButton;
			productName = TestCycleButton;
			productReference = AE6FC09F1DE46EED00F85925 /* TestCycleButton.app */;
			productType = "com.apple.product-type.application";
		};
/* End PBXNativeTarget section */

/* Begin PBXProject section */
		AE6FC0971DE46EED00F85925 /* Project object */ = {
			isa = PBXProject;
			attributes = {
				LastSwiftUpdateCheck = 0810;
				LastUpgradeCheck = 0810;
				ORGANIZATIONNAME = "Piotr Zagawa";
				TargetAttributes = {
					AE6FC09E1DE46EED00F85925 = {
						CreatedOnToolsVersion = 8.1;
						DevelopmentTeam = 3JQHMP5J72;
						ProvisioningStyle = Automatic;
					};
				};
			};
			buildConfigurationList = AE6FC09A1DE46EED00F85925 /* Build configuration list for PBXProject "TestCycleButton" */;
			compatibilityVersion = "Xcode 3.2";
			developmentRegion = English;
			hasScannedForEncodings = 0;
			knownRegions = (
				en,
				Base,
			);
			mainGroup = AE6FC0961DE46EED00F85925;
			productRefGroup = AE6FC0A01DE46EED00F85925 /* Products */;
			projectDirPath = "";
			projectRoot = "";
			targets = (
				AE6FC09E1DE46EED00F85925 /* TestCycleButton */,
			);
		};
/* End PBXProject section */

/* Begin PBXResourcesBuildPhase section */
		AE6FC09D1DE46EED00F85925 /* Resources */ = {
			isa = PBXResourcesBuildPhase;
			buildActionMask = 2147483647;
			files = (
				AE6FC0AD1DE46EED00F85925 /* LaunchScreen.storyboard in Resources */,
				AE6FC0AA1DE46EED00F85925 /* Assets.xcassets in Resources */,
				AE6FC0A81DE46EED00F85925 /* Main.storyboard in Resources */,
			);
			runOnlyForDeploymentPostprocessing = 0;
		};
/* End PBXResourcesBuildPhase section */

/* Begin PBXSourcesBuildPhase section */
		AE6FC09B1DE46EED00F85925 /* Sources */ = {
			isa = PBXSourcesBuildPhase;
			buildActionMask = 2147483647;
			files = (
				AE6FC0A51DE46EED00F85925 /* ViewController.swift in Sources */,
				AE6FC0A31DE46EED00F85925 /* AppDelegate.swift in Sources */,
			);
			runOnlyForDeploymentPostprocessing = 0;
		};
/* End PBXSourcesBuildPhase section */

/* Begin PBXVariantGroup section */
		AE6FC0A61DE46EED00F85925 /* Main.storyboard */ = {
			isa = PBXVariantGroup;
			children = (
				AE6FC0A71DE46EED00F85925 /* Base */,
			);
			name = Main.storyboard;
			sourceTree = "<group>";
		};
		AE6FC0AB1DE46EED00F85925 /* LaunchScreen.storyboard */ = {
			isa = PBXVariantGroup;
			children = (
				AE6FC0AC1DE46EED00F85925 /* Base */,
			);
			name = LaunchScreen.storyboard;
			sourceTree = "<group>";
		};
/* End PBXVariantGroup section */

/* Begin XCBuildConfiguration section */
		AE6FC0AF1DE46EED00F85925 /* Debug */ = {
			isa = XCBuildConfiguration;
			buildSettings = {
				ALWAYS_SEARCH_USER_PATHS = NO;
				CLANG_ANALYZER_NONNULL = YES;
				CLANG_CXX_LANGUAGE_STANDARD = "gnu++0x";
				CLANG_CXX_LIBRARY = "libc++";
				CLANG_ENABLE_MODULES = YES;
				CLANG_ENABLE_OBJC_ARC = YES;
				CLANG_WARN_BOOL_CONVERSION = YES;
				CLANG_WARN_CONSTANT_CONVERSION = YES;
				CLANG_WARN_DIRECT_OBJC_ISA_USAGE = YES_ERROR;
				CLANG_WARN_DOCUMENTATION_COMMENTS = YES;
				CLANG_WARN_EMPTY_BODY = YES;
				CLANG_WARN_ENUM_CONVERSION = YES;
				CLANG_WARN_INFINITE_RECURSION = YES;
				CLANG_WARN_INT_CONVERSION = YES;
				CLANG_WARN_OBJC_ROOT_CLASS = YES_ERROR;
				CLANG_WARN_SUSPICIOUS_MOVES = YES;
				CLANG_WARN_UNREACHABLE_CODE = YES;
				CLANG_WARN__DUPLICATE_METHOD_MATCH = YES;
				"CODE_SIGN_IDENTITY[sdk=iphoneos*]" = "iPhone Developer";
				COPY_PHASE_STRIP = NO;
				DEBUG_INFORMATION_FORMAT = dwarf;
				ENABLE_STRICT_OBJC_MSGSEND = YES;
				ENABLE_TESTABILITY = YES;
				GCC_C_LANGUAGE_STANDARD = gnu99;
				GCC_DYNAMIC_NO_PIC = NO;
				GCC_NO_COMMON_BLOCKS = YES;
				GCC_OPTIMIZATION_LEVEL = 0;
				GCC_PREPROCESSOR_DEFINITIONS = (
					"DEBUG=1",
					"$(inherited)",
				);
				GCC_WARN_64_TO_32_BIT_CONVERSION = YES;
				GCC_WARN_ABOUT_RETURN_TYPE = YES_ERROR;
				GCC_WARN_UNDECLARED_SELECTOR = YES;
				GCC_WARN_UNINITIALIZED_AUTOS = YES_AGGRESSIVE;
				GCC_WARN_UNUSED_FUNCTION = YES;
				GCC_WARN_UNUSED_VARIABLE = YES;
				IPHONEOS_DEPLOYMENT_TARGET = 10.1;
				MTL_ENABLE_DEBUG_INFO = YES;
				ONLY_ACTIVE_ARCH = YES;
				SDKROOT = iphoneos;
				SWIFT_ACTIVE_COMPILATION_CONDITIONS = DEBUG;
				SWIFT_OPTIMIZATION_LEVEL = "-Onone";
			};
			name = Debug;
		};
		AE6FC0B01DE46EED00F85925 /* Release */ = {
			isa = XCBuildConfiguration;
			buildSettings = {
				ALWAYS_SEARCH_USER_PATHS = NO;
				CLANG_ANALYZER_NONNULL = YES;
				CLANG_CXX_LANGUAGE_STANDARD = "gnu++0x";
				CLANG_CXX_LIBRARY = "libc++";
				CLANG_ENABLE_MODULES = YES;
				CLANG_ENABLE_OBJC_ARC = YES;
				CLANG_WARN_BOOL_CONVERSION = YES;
				CLANG_WARN_CONSTANT_CONVERSION = YES;
				CLANG_WARN_DIRECT_OBJC_ISA_USAGE = YES_ERROR;
				CLANG_WARN_DOCUMENTATION_COMMENTS = YES;
				CLANG_WARN_EMPTY_BODY = YES;
				CLANG_WARN_ENUM_CONVERSION = YES;
				CLANG_WARN_INFINITE_RECURSION = YES;
				CLANG_WARN_INT_CONVERSION = YES;
				CLANG_WARN_OBJC_ROOT_CLASS = YES_ERROR;
				CLANG_WARN_SUSPICIOUS_MOVES = YES;
				CLANG_WARN_UNREACHABLE_CODE = YES;
				CLANG_WARN__DUPLICATE_METHOD_MATCH = YES;
				"CODE_SIGN_IDENTITY[sdk=iphoneos*]" = "iPhone Developer";
				COPY_PHASE_STRIP = NO;
				DEBUG_INFORMATION_FORMAT = "dwarf-with-dsym";
				ENABLE_NS_ASSERTIONS = NO;
				ENABLE_STRICT_OBJC_MSGSEND = YES;
				GCC_C_LANGUAGE_STANDARD = gnu99;
				GCC_NO_COMMON_BLOCKS = YES;
				GCC_WARN_64_TO_32_BIT_CONVERSION = YES;
				GCC_WARN_ABOUT_RETURN_TYPE = YES_ERROR;
				GCC_WARN_UNDECLARED_SELECTOR = YES;
				GCC_WARN_UNINITIALIZED_AUTOS = YES_AGGRESSIVE;
				GCC_WARN_UNUSED_FUNCTION = YES;
				GCC_WARN_UNUSED_VARIABLE = YES;
				IPHONEOS_DEPLOYMENT_TARGET = 10.1;
				MTL_ENABLE_DEBUG_INFO = NO;
				SDKROOT = iphoneos;
				SWIFT_OPTIMIZATION_LEVEL = "-Owholemodule";
				VALIDATE_PRODUCT = YES;
			};
			name = Release;
		};
		AE6FC0B21DE46EED00F85925 /* Debug */ = {
			isa = XCBuildConfiguration;
			buildSettings = {
				ASSETCATALOG_COMPILER_APPICON_NAME = AppIcon;
				DEVELOPMENT_TEAM = 3JQHMP5J72;
				INFOPLIST_FILE = TestCycleButton/Info.plist;
				LD_RUNPATH_SEARCH_PATHS = "$(inherited) @executable_path/Frameworks";
				PRODUCT_BUNDLE_IDENTIFIER = pl.piotr.zagawa.TestCycleButton;
				PRODUCT_NAME = "$(TARGET_NAME)";
				SWIFT_VERSION = 3.0;
			};
			name = Debug;
		};
		AE6FC0B31DE46EED00F85925 /* Release */ = {
			isa = XCBuildConfiguration;
			buildSettings = {
				ASSETCATALOG_COMPILER_APPICON_NAME = AppIcon;
				DEVELOPMENT_TEAM = 3JQHMP5J72;
				INFOPLIST_FILE = TestCycleButton/Info.plist;
				LD_RUNPATH_SEARCH_PATHS = "$(inherited) @executable_path/Frameworks";
				PRODUCT_BUNDLE_IDENTIFIER = pl.piotr.zagawa.TestCycleButton;
				PRODUCT_NAME = "$(TARGET_NAME)";
				SWIFT_VERSION = 3.0;
			};
			name = Release;
		};
/* End XCBuildConfiguration section */

/* Begin XCConfigurationList section */
		AE6FC09A1DE46EED00F85925 /* Build configuration list for PBXProject "TestCycleButton" */ = {
			isa = XCConfigurationList;
			buildConfigurations = (
				AE6FC0AF1DE46EED00F85925 /* Debug */,
				AE6FC0B01DE46EED00F85925 /* Release */,
			);
			defaultConfigurationIsVisible = 0;
			defaultConfigurationName = Release;
		};
		AE6FC0B11DE46EED00F85925 /* Build configuration list for PBXNativeTarget "TestCycleButton" */ = {
			isa = XCConfigurationList;
			buildConfigurations = (
				AE6FC0B21DE46EED00F85925 /* Debug */,
				AE6FC0B31DE46EED00F85925 /* Release */,
			);
			defaultConfigurationIsVisible = 0;
		};
/* End XCConfigurationList section */
	};
	rootObject = AE6FC0971DE46EED00F85925 /* Project object */;
}
